github.com/go-pdf/fpdf v0.9.0 h1:PPvSaUuo1iMi9KkaAn90NuKi+P4gwMedWPHhj8YlJQw=
github.com/go-pdf/fpdf v0.9.0/go.mod h1:oO8N111TkmKb9D7VvWGLvLJlaZUQVPM+6V42pp3iV4Y=
github.com/yuin/goldmark v1.6.0 h1:boZcn2GTjpsynOsC0iJHnBWa4Bi0qzfJjthwauItG68=
github.com/yuin/goldmark v1.6.0/go.mod h1:6yULJ656Px+3vBD8DxQVa3kxgyrAnzto9xy5taEt/CY=
gopkg.in/gographics/imagick.v3 v3.5.1 h1:58JqK0UCx5RfvbRggF5FKuK6jHwAtTQopUxK8mzFa40=
gopkg.in/gographics/imagick.v3 v3.5.1/go.mod h1:+Q9nyA2xRZXrDyTtJ/eko+8V/5E7bWYs08ndkZp8UmA=
